Microsoft Visual Studio Solution File, Format Version 12.00
# Visual Studio Version 16
VisualStudioVersion = 16.0.28407.52
MinimumVisualStudioVersion = 15.0.26124.0
Project("{9A19103F-16F7-4668-BE54-9A1E7A4F7556}") = "PackageUrl", "src\PackageUrl.csproj", "{751D3788-50B0-4994-9429-842695219381}"
EndProject
Project("{9A19103F-16F7-4668-BE54-9A1E7A4F7556}") = "PackageUrl.Tests", "tests\PackageUrl.Tests.csproj", "{E15E3DAC-5728-4CE6-A07E-94CA2E29F37C}"
EndProject
Project("{2150E333-8FDC-42A3-9474-1A3956D46DE8}") = ".SolutionItems", ".SolutionItems", "{7562049A-BF33-44D8-908D-1AAE6BDB6963}"
	ProjectSection(SolutionItems) = preProject
		.gitignore = .gitignore
		.travis.yml = .travis.yml
		appveyor.yml = appveyor.yml
		azure-pipelines.yml = azure-pipelines.yml
		LICENSE = LICENSE
		README.md = README.md
	EndProjectSection
EndProject
Global
	GlobalSection(SolutionConfigurationPlatforms) = preSolution
		Debug|Any CPU = Debug|Any CPU
		Release|Any CPU = Release|Any CPU
	EndGlobalSection
	GlobalSection(ProjectConfigurationPlatforms) = postSolution
		{751D3788-50B0-4994-9429-842695219381}.Debug|Any CPU.ActiveCfg = Debug|Any CPU
		{751D3788-50B0-4994-9429-842695219381}.Debug|Any CPU.Build.0 = Debug|Any CPU
		{751D3788-50B0-4994-9429-842695219381}.Release|Any CPU.ActiveCfg = Release|Any CPU
		{751D3788-50B0-4994-9429-842695219381}.Release|Any CPU.Build.0 = Release|Any CPU
		{E15E3DAC-5728-4CE6-A07E-94CA2E29F37C}.Debug|Any CPU.ActiveCfg = Debug|Any CPU
		{E15E3DAC-5728-4CE6-A07E-94CA2E29F37C}.Debug|Any CPU.Build.0 = Debug|Any CPU
		{E15E3DAC-5728-4CE6-A07E-94CA2E29F37C}.Release|Any CPU.ActiveCfg = Release|Any CPU
		{E15E3DAC-5728-4CE6-A07E-94CA2E29F37C}.Release|Any CPU.Build.0 = Release|Any CPU
	EndGlobalSection
	GlobalSection(SolutionProperties) = preSolution
		HideSolutionNode = FALSE
	EndGlobalSection
	GlobalSection(ExtensibilityGlobals) = postSolution
		SolutionGuid = {80AE096D-5F0D-4DAB-B6A1-5C33FE5EF072}
	EndGlobalSection
EndGlobal
