{
  "version": 1,
  "dependencies": {
    "net6.0": {
      "GitVersion.MsBuild": {
        "type": "Direct",
        "requested": "[5.8.1, )",
        "resolved": "5.8.1",
        "contentHash": "WR+50tZK/ZO51RhcNObEZyIN+b7jt6YQOnUdrnkDhi+kPWm00TLXIUci2hGIgE617iaWdkbmkleBbIFwPhH0oQ=="
      },
      "Microsoft.NET.Test.Sdk": {
        "type": "Direct",
        "requested": "[17.0.0, )",
        "resolved": "17.0.0",
        "contentHash": "fJcnMY3jX1MzJvhGvUWauRhU5eQsOaHdwlrcnI3NabBhbi8WLAkMFI8d0YnewA/+b9q/U7vbhp8Xmh1vJ05FYQ==",
        "dependencies": {
          "Microsoft.CodeCoverage": "17.0.0",
          "Microsoft.TestPlatform.TestHost": "17.0.0"
        }
      },
      "Microsoft.SourceLink.GitHub": {
        "type": "Direct",
        "requested": "[10.0.103, )",
        "resolved": "10.0.103",
        "contentHash": "qZk7r40ftpZY+/sO019sgWAWfNqC2CLSspDdAxNYCJU/bCi/8jVwvOMjzb/d5gjCRNzQ4OCYgBfhdpQyVwLTyw==",
        "dependencies": {
          "Microsoft.Build.Tasks.Git": "10.0.103",
          "Microsoft.SourceLink.Common": "10.0.103"
        }
      },
      "Newtonsoft.Json": {
        "type": "Direct",
        "requested": "[13.0.4, )",
        "resolved": "13.0.4",
        "contentHash": "pdgNNMai3zv51W5aq268sujXUyx7SNdE2bj1wZcWjAQrKMFZV260lbqYop1d2GM67JI1huLRwxo9ZqnfF/lC6A=="
      },
      "xunit": {
        "type": "Direct",
        "requested": "[2.9.3, )",
        "resolved": "2.9.3",
        "contentHash": "TlXQBinK35LpOPKHAqbLY4xlEen9TBafjs0V5KnA4wZsoQLQJiirCR4CbIXvOH8NzkW4YeJKP5P/Bnrodm0h9Q==",
        "dependencies": {
          "xunit.analyzers": "1.18.0",
          "xunit.assert": "2.9.3",
          "xunit.core": "[2.9.3]"
        }
      },
      "xunit.runner.visualstudio": {
        "type": "Direct",
        "requested": "[2.4.3, )",
        "resolved": "2.4.3",
        "contentHash": "kZZSmOmKA8OBlAJaquPXnJJLM9RwQ27H7BMVqfMLUcTi9xHinWGJiWksa3D4NEtz0wZ/nxd2mogObvBgJKCRhQ=="
      },
      "Microsoft.Build.Tasks.Git": {
        "type": "Transitive",
        "resolved": "10.0.103",
        "contentHash": "QoiCMcPuxC6eqRQmrmF9zBY96ejIznXtve/lJJbonGD9I5Aygf2AUCOWslGiCEtBbfWRSuUnepBjuuVOdAl5ag=="
      },
      "Microsoft.CodeCoverage": {
        "type": "Transitive",
        "resolved": "17.0.0",
        "contentHash": "+B+09FPYBtf+cXfZOPIgpnP5mzLq5QdlBo+JEFy9CdqBaWHWE/YMY0Mos9uDsZhcgFegJm9GigAgMyqBZyfq+Q=="
      },
      "Microsoft.SourceLink.Common": {
        "type": "Transitive",
        "resolved": "10.0.103",
        "contentHash": "cMtGW5/r0ck72Jg2QwZcNTX59z+iB/B1kW84VMa/eX8L19DhHIuIcQjfK0pgLLBxd60Jl0Bj9GUolcM0MnJnZA=="
      },
      "Microsoft.TestPlatform.ObjectModel": {
        "type": "Transitive",
        "resolved": "17.0.0",
        "contentHash": "WMugCdPkA8U/BsSRc+3RN+DXcaYSDvp/s0MofVld08iF1O5fek4iKecygk6NruNf1rgJsv4LK71mrwbyeqhzHA==",
        "dependencies": {
          "NuGet.Frameworks": "5.0.0",
          "System.Reflection.Metadata": "1.6.0"
        }
      },
      "Microsoft.TestPlatform.TestHost": {
        "type": "Transitive",
        "resolved": "17.0.0",
        "contentHash": "xkKFzm0hylHF0SlDj78ACYMJC/i8fQ3i16sDDNYoKnjTsstGSQfuSBJ+QT4nqRXk/fOiYTh+iY0KIX5N7HTLuQ==",
        "dependencies": {
          "Microsoft.TestPlatform.ObjectModel": "17.0.0",
          "Newtonsoft.Json": "9.0.1"
        }
      },
      "NuGet.Frameworks": {
        "type": "Transitive",
        "resolved": "5.0.0",
        "contentHash": "c5JVjuVAm4f7E9Vj+v09Z9s2ZsqFDjBpcsyS3M9xRo0bEdm/LVZSzLxxNvfvAwRiiE8nwe1h2G4OwiwlzFKXlA=="
      },
      "System.Reflection.Metadata": {
        "type": "Transitive",
        "resolved": "1.6.0",
        "contentHash": "COC1aiAJjCoA5GBF+QKL2uLqEBew4JsCkQmoHKbN3TlOZKa2fKLz5CpiRQKDz0RsAOEGsVKqOD5bomsXq/4STQ=="
      },
      "xunit.abstractions": {
        "type": "Transitive",
        "resolved": "2.0.3",
        "contentHash": "pot1I4YOxlWjIb5jmwvvQNbTrZ3lJQ+jUGkGjWE3hEFM0l5gOnBWS+H3qsex68s5cO52g+44vpGzhAt+42vwKg=="
      },
      "xunit.analyzers": {
        "type": "Transitive",
        "resolved": "1.18.0",
        "contentHash": "OtFMHN8yqIcYP9wcVIgJrq01AfTxijjAqVDy/WeQVSyrDC1RzBWeQPztL49DN2syXRah8TYnfvk035s7L95EZQ=="
      },
      "xunit.assert": {
        "type": "Transitive",
        "resolved": "2.9.3",
        "contentHash": "/Kq28fCE7MjOV42YLVRAJzRF0WmEqsmflm0cfpMjGtzQ2lR5mYVj1/i0Y8uDAOLczkL3/jArrwehfMD0YogMAA=="
      },
      "xunit.core": {
        "type": "Transitive",
        "resolved": "2.9.3",
        "contentHash": "BiAEvqGvyme19wE0wTKdADH+NloYqikiU0mcnmiNyXaF9HyHmE6sr/3DC5vnBkgsWaE6yPyWszKSPSApWdRVeQ==",
        "dependencies": {
          "xunit.extensibility.core": "[2.9.3]",
          "xunit.extensibility.execution": "[2.9.3]"
        }
      },
      "xunit.extensibility.core": {
        "type": "Transitive",
        "resolved": "2.9.3",
        "contentHash": "kf3si0YTn2a8J8eZNb+zFpwfoyvIrQ7ivNk5ZYA5yuYk1bEtMe4DxJ2CF/qsRgmEnDr7MnW1mxylBaHTZ4qErA==",
        "dependencies": {
          "xunit.abstractions": "2.0.3"
        }
      },
      "xunit.extensibility.execution": {
        "type": "Transitive",
        "resolved": "2.9.3",
        "contentHash": "yMb6vMESlSrE3Wfj7V6cjQ3S4TXdXpRqYeNEI3zsX31uTsGMJjEw6oD5F5u1cHnMptjhEECnmZSsPxB6ChZHDQ==",
        "dependencies": {
          "xunit.extensibility.core": "[2.9.3]"
        }
      },
      "packageurl-dotnet": {
        "type": "Project"
      }
    }
  }
}